
Microsoft Visual Studio Solution File, Format Version 12.00
# Visual Studio 14
VisualStudioVersion = 14.0.25420.1
MinimumVisualStudioVersion = 10.0.40219.1
Project("{2150E333-8FDC-42A3-9474-1A3956D46DE8}") = "src", "src", "{1F9E71AB-015A-4B72-BA68-C99F4BB9E7B3}"
EndProject
Project("{2150E333-8FDC-42A3-9474-1A3956D46DE8}") = "Solution Items", "Solution Items", "{34ECD6B4-2C29-4AAB-95EE-E73B2141458D}"
	ProjectSection(SolutionItems) = preProject
		global.json = global.json
	EndProjectSection
EndProject
Project("{8BB2217D-0F2D-49D1-97BC-3654ED321F3B}") = "GtkTest", "src\GtkTest\GtkTest.xproj", "{517E3D99-5732-4FA0-BF3E-6611243EFDD8}"
EndProject
Project("{8BB2217D-0F2D-49D1-97BC-3654ED321F3B}") = "Gtk", "src\Gtk\Gtk.xproj", "{270DB2FF-5AE8-4F75-BCFE-0F0EA2B6514C}"
EndProject
Project("{2150E333-8FDC-42A3-9474-1A3956D46DE8}") = "test", "test", "{2BC2B2C1-66F0-4DD2-AD4E-03FC117DBEFD}"
EndProject
Project("{8BB2217D-0F2D-49D1-97BC-3654ED321F3B}") = "Gdk", "src\Gdk\Gdk.xproj", "{B59285D8-C5D6-46F0-ABCA-AEC6E5885C6F}"
EndProject
Project("{8BB2217D-0F2D-49D1-97BC-3654ED321F3B}") = "GLib", "src\GLib\GLib.xproj", "{5596CE78-6A33-431B-B39D-6E32D0E5FBD2}"
EndProject
Project("{8BB2217D-0F2D-49D1-97BC-3654ED321F3B}") = "GObj", "src\GObj\GObj.xproj", "{F1E5BE67-BC9A-4006-9DC9-67C78904519E}"
EndProject
Global
	GlobalSection(SolutionConfigurationPlatforms) = preSolution
		Debug|Any CPU = Debug|Any CPU
		Release|Any CPU = Release|Any CPU
	EndGlobalSection
	GlobalSection(ProjectConfigurationPlatforms) = postSolution
		{517E3D99-5732-4FA0-BF3E-6611243EFDD8}.Debug|Any CPU.ActiveCfg = Debug|Any CPU
		{517E3D99-5732-4FA0-BF3E-6611243EFDD8}.Debug|Any CPU.Build.0 = Debug|Any CPU
		{517E3D99-5732-4FA0-BF3E-6611243EFDD8}.Release|Any CPU.ActiveCfg = Release|Any CPU
		{517E3D99-5732-4FA0-BF3E-6611243EFDD8}.Release|Any CPU.Build.0 = Release|Any CPU
		{270DB2FF-5AE8-4F75-BCFE-0F0EA2B6514C}.Debug|Any CPU.ActiveCfg = Debug|Any CPU
		{270DB2FF-5AE8-4F75-BCFE-0F0EA2B6514C}.Debug|Any CPU.Build.0 = Debug|Any CPU
		{270DB2FF-5AE8-4F75-BCFE-0F0EA2B6514C}.Release|Any CPU.ActiveCfg = Release|Any CPU
		{270DB2FF-5AE8-4F75-BCFE-0F0EA2B6514C}.Release|Any CPU.Build.0 = Release|Any CPU
		{B59285D8-C5D6-46F0-ABCA-AEC6E5885C6F}.Debug|Any CPU.ActiveCfg = Debug|Any CPU
		{B59285D8-C5D6-46F0-ABCA-AEC6E5885C6F}.Debug|Any CPU.Build.0 = Debug|Any CPU
		{B59285D8-C5D6-46F0-ABCA-AEC6E5885C6F}.Release|Any CPU.ActiveCfg = Release|Any CPU
		{B59285D8-C5D6-46F0-ABCA-AEC6E5885C6F}.Release|Any CPU.Build.0 = Release|Any CPU
		{5596CE78-6A33-431B-B39D-6E32D0E5FBD2}.Debug|Any CPU.ActiveCfg = Debug|Any CPU
		{5596CE78-6A33-431B-B39D-6E32D0E5FBD2}.Debug|Any CPU.Build.0 = Debug|Any CPU
		{5596CE78-6A33-431B-B39D-6E32D0E5FBD2}.Release|Any CPU.ActiveCfg = Release|Any CPU
		{5596CE78-6A33-431B-B39D-6E32D0E5FBD2}.Release|Any CPU.Build.0 = Release|Any CPU
		{F1E5BE67-BC9A-4006-9DC9-67C78904519E}.Debug|Any CPU.ActiveCfg = Debug|Any CPU
		{F1E5BE67-BC9A-4006-9DC9-67C78904519E}.Debug|Any CPU.Build.0 = Debug|Any CPU
		{F1E5BE67-BC9A-4006-9DC9-67C78904519E}.Release|Any CPU.ActiveCfg = Release|Any CPU
		{F1E5BE67-BC9A-4006-9DC9-67C78904519E}.Release|Any CPU.Build.0 = Release|Any CPU
	EndGlobalSection
	GlobalSection(SolutionProperties) = preSolution
		HideSolutionNode = FALSE
	EndGlobalSection
	GlobalSection(NestedProjects) = preSolution
		{517E3D99-5732-4FA0-BF3E-6611243EFDD8} = {1F9E71AB-015A-4B72-BA68-C99F4BB9E7B3}
		{270DB2FF-5AE8-4F75-BCFE-0F0EA2B6514C} = {1F9E71AB-015A-4B72-BA68-C99F4BB9E7B3}
		{B59285D8-C5D6-46F0-ABCA-AEC6E5885C6F} = {1F9E71AB-015A-4B72-BA68-C99F4BB9E7B3}
		{5596CE78-6A33-431B-B39D-6E32D0E5FBD2} = {1F9E71AB-015A-4B72-BA68-C99F4BB9E7B3}
		{F1E5BE67-BC9A-4006-9DC9-67C78904519E} = {1F9E71AB-015A-4B72-BA68-C99F4BB9E7B3}
	EndGlobalSection
EndGlobal
